
Microsoft Visual Studio Solution File, Format Version 12.00
# Visual Studio Version 17
VisualStudioVersion = 17.13.35919.96
MinimumVisualStudioVersion = 10.0.40219.1
Project("{FAE04EC0-301F-11D3-BF4B-00C04F79EFBC}") = "Dyreinternatet", "Dyreinternatet\Dyreinternatet.csproj", "{53A1DA65-C354-4F4D-8D9E-4FB7DB246D37}"
EndProject
Global
	GlobalSection(SolutionConfigurationPlatforms) = preSolution
		Debug|Any CPU = Debug|Any CPU
		Release|Any CPU = Release|Any CPU
	EndGlobalSection
	GlobalSection(ProjectConfigurationPlatforms) = postSolution
		{53A1DA65-C354-4F4D-8D9E-4FB7DB246D37}.Debug|Any CPU.ActiveCfg = Debug|Any CPU
		{53A1DA65-C354-4F4D-8D9E-4FB7DB246D37}.Debug|Any CPU.Build.0 = Debug|Any CPU
		{53A1DA65-C354-4F4D-8D9E-4FB7DB246D37}.Release|Any CPU.ActiveCfg = Release|Any CPU
		{53A1DA65-C354-4F4D-8D9E-4FB7DB246D37}.Release|Any CPU.Build.0 = Release|Any CPU
	EndGlobalSection
	GlobalSection(SolutionProperties) = preSolution
		HideSolutionNode = FALSE
	EndGlobalSection
	GlobalSection(ExtensibilityGlobals) = postSolution
		SolutionGuid = {9CD526F4-E3BF-47B8-A025-290D9A30CF9D}
	EndGlobalSection
EndGlobal
